
Microsoft Visual Studio Solution File, Format Version 12.00
# Visual Studio Version 16
VisualStudioVersion = 16.0.30309.148
MinimumVisualStudioVersion = 10.0.40219.1
Project("{8BC9CEB8-8B4A-11D0-8D11-00A0C91BC942}") = "Algorithm", "Algorithm\Algorithm.vcxproj", "{428B2EF3-BE69-4F95-A252-FD72AD86E76D}"
EndProject
Global
	GlobalSection(SolutionConfigurationPlatforms) = preSolution
		Debug|x64 = Debug|x64
		Debug|x86 = Debug|x86
		Release|x64 = Release|x64
		Release|x86 = Release|x86
	EndGlobalSection
	GlobalSection(ProjectConfigurationPlatforms) = postSolution
		{428B2EF3-BE69-4F95-A252-FD72AD86E76D}.Debug|x64.ActiveCfg = Debug|x64
		{428B2EF3-BE69-4F95-A252-FD72AD86E76D}.Debug|x64.Build.0 = Debug|x64
		{428B2EF3-BE69-4F95-A252-FD72AD86E76D}.Debug|x86.ActiveCfg = Debug|Win32
		{428B2EF3-BE69-4F95-A252-FD72AD86E76D}.Debug|x86.Build.0 = Debug|Win32
		{428B2EF3-BE69-4F95-A252-FD72AD86E76D}.Release|x64.ActiveCfg = Release|x64
		{428B2EF3-BE69-4F95-A252-FD72AD86E76D}.Release|x64.Build.0 = Release|x64
		{428B2EF3-BE69-4F95-A252-FD72AD86E76D}.Release|x86.ActiveCfg = Release|Win32
		{428B2EF3-BE69-4F95-A252-FD72AD86E76D}.Release|x86.Build.0 = Release|Win32
	EndGlobalSection
	GlobalSection(SolutionProperties) = preSolution
		HideSolutionNode = FALSE
	EndGlobalSection
	GlobalSection(ExtensibilityGlobals) = postSolution
		SolutionGuid = {104D490A-877A-42F7-9047-BD9CDC4F1F1B}
	EndGlobalSection
EndGlobal
